
Microsoft Visual Studio Solution File, Format Version 12.00
# Visual Studio 15
VisualStudioVersion = 15.0.26124.0
MinimumVisualStudioVersion = 15.0.26124.0
Project("{FAE04EC0-301F-11D3-BF4B-00C04F79EFBC}") = "GameTOP", "GameTOP\GameTOP.csproj", "{046B45B0-13A5-4D46-9A23-5713C3F473A0}"
EndProject
Project("{FAE04EC0-301F-11D3-BF4B-00C04F79EFBC}") = "GameTOP.Lib", "GameTOP.Lib\GameTOP.Lib.csproj", "{0E8C71C5-20AF-4BC1-9C2D-1A8FE85097A7}"
EndProject
Project("{FAE04EC0-301F-11D3-BF4B-00C04F79EFBC}") = "GameTOP.Interface", "GameTOP.Interface\GameTOP.Interface.csproj", "{40F16713-3454-495C-8329-2EA29EF69184}"
EndProject
Global
	GlobalSection(SolutionConfigurationPlatforms) = preSolution
		Debug|Any CPU = Debug|Any CPU
		Debug|x64 = Debug|x64
		Debug|x86 = Debug|x86
		Release|Any CPU = Release|Any CPU
		Release|x64 = Release|x64
		Release|x86 = Release|x86
	EndGlobalSection
	GlobalSection(SolutionProperties) = preSolution
		HideSolutionNode = FALSE
	EndGlobalSection
	GlobalSection(ProjectConfigurationPlatforms) = postSolution
		{046B45B0-13A5-4D46-9A23-5713C3F473A0}.Debug|Any CPU.ActiveCfg = Debug|Any CPU
		{046B45B0-13A5-4D46-9A23-5713C3F473A0}.Debug|Any CPU.Build.0 = Debug|Any CPU
		{046B45B0-13A5-4D46-9A23-5713C3F473A0}.Debug|x64.ActiveCfg = Debug|Any CPU
		{046B45B0-13A5-4D46-9A23-5713C3F473A0}.Debug|x64.Build.0 = Debug|Any CPU
		{046B45B0-13A5-4D46-9A23-5713C3F473A0}.Debug|x86.ActiveCfg = Debug|Any CPU
		{046B45B0-13A5-4D46-9A23-5713C3F473A0}.Debug|x86.Build.0 = Debug|Any CPU
		{046B45B0-13A5-4D46-9A23-5713C3F473A0}.Release|Any CPU.ActiveCfg = Release|Any CPU
		{046B45B0-13A5-4D46-9A23-5713C3F473A0}.Release|Any CPU.Build.0 = Release|Any CPU
		{046B45B0-13A5-4D46-9A23-5713C3F473A0}.Release|x64.ActiveCfg = Release|Any CPU
		{046B45B0-13A5-4D46-9A23-5713C3F473A0}.Release|x64.Build.0 = Release|Any CPU
		{046B45B0-13A5-4D46-9A23-5713C3F473A0}.Release|x86.ActiveCfg = Release|Any CPU
		{046B45B0-13A5-4D46-9A23-5713C3F473A0}.Release|x86.Build.0 = Release|Any CPU
		{0E8C71C5-20AF-4BC1-9C2D-1A8FE85097A7}.Debug|Any CPU.ActiveCfg = Debug|Any CPU
		{0E8C71C5-20AF-4BC1-9C2D-1A8FE85097A7}.Debug|Any CPU.Build.0 = Debug|Any CPU
		{0E8C71C5-20AF-4BC1-9C2D-1A8FE85097A7}.Debug|x64.ActiveCfg = Debug|Any CPU
		{0E8C71C5-20AF-4BC1-9C2D-1A8FE85097A7}.Debug|x64.Build.0 = Debug|Any CPU
		{0E8C71C5-20AF-4BC1-9C2D-1A8FE85097A7}.Debug|x86.ActiveCfg = Debug|Any CPU
		{0E8C71C5-20AF-4BC1-9C2D-1A8FE85097A7}.Debug|x86.Build.0 = Debug|Any CPU
		{0E8C71C5-20AF-4BC1-9C2D-1A8FE85097A7}.Release|Any CPU.ActiveCfg = Release|Any CPU
		{0E8C71C5-20AF-4BC1-9C2D-1A8FE85097A7}.Release|Any CPU.Build.0 = Release|Any CPU
		{0E8C71C5-20AF-4BC1-9C2D-1A8FE85097A7}.Release|x64.ActiveCfg = Release|Any CPU
		{0E8C71C5-20AF-4BC1-9C2D-1A8FE85097A7}.Release|x64.Build.0 = Release|Any CPU
		{0E8C71C5-20AF-4BC1-9C2D-1A8FE85097A7}.Release|x86.ActiveCfg = Release|Any CPU
		{0E8C71C5-20AF-4BC1-9C2D-1A8FE85097A7}.Release|x86.Build.0 = Release|Any CPU
		{40F16713-3454-495C-8329-2EA29EF69184}.Debug|Any CPU.ActiveCfg = Debug|Any CPU
		{40F16713-3454-495C-8329-2EA29EF69184}.Debug|Any CPU.Build.0 = Debug|Any CPU
		{40F16713-3454-495C-8329-2EA29EF69184}.Debug|x64.ActiveCfg = Debug|Any CPU
		{40F16713-3454-495C-8329-2EA29EF69184}.Debug|x64.Build.0 = Debug|Any CPU
		{40F16713-3454-495C-8329-2EA29EF69184}.Debug|x86.ActiveCfg = Debug|Any CPU
		{40F16713-3454-495C-8329-2EA29EF69184}.Debug|x86.Build.0 = Debug|Any CPU
		{40F16713-3454-495C-8329-2EA29EF69184}.Release|Any CPU.ActiveCfg = Release|Any CPU
		{40F16713-3454-495C-8329-2EA29EF69184}.Release|Any CPU.Build.0 = Release|Any CPU
		{40F16713-3454-495C-8329-2EA29EF69184}.Release|x64.ActiveCfg = Release|Any CPU
		{40F16713-3454-495C-8329-2EA29EF69184}.Release|x64.Build.0 = Release|Any CPU
		{40F16713-3454-495C-8329-2EA29EF69184}.Release|x86.ActiveCfg = Release|Any CPU
		{40F16713-3454-495C-8329-2EA29EF69184}.Release|x86.Build.0 = Release|Any CPU
	EndGlobalSection
EndGlobal
